
Microsoft Visual Studio Solution File, Format Version 12.00
# Visual Studio Version 17
VisualStudioVersion = 17.9.34518.117
MinimumVisualStudioVersion = 10.0.40219.1
Project("{FAE04EC0-301F-11D3-BF4B-00C04F79EFBC}") = "CaesarCypher", "CaesarCypher.csproj", "{07BE619B-2E87-4643-853B-1BBAF7DC4810}"
EndProject
Global
	GlobalSection(SolutionConfigurationPlatforms) = preSolution
		Debug|Any CPU = Debug|Any CPU
		Release|Any CPU = Release|Any CPU
	EndGlobalSection
	GlobalSection(ProjectConfigurationPlatforms) = postSolution
		{07BE619B-2E87-4643-853B-1BBAF7DC4810}.Debug|Any CPU.ActiveCfg = Debug|Any CPU
		{07BE619B-2E87-4643-853B-1BBAF7DC4810}.Debug|Any CPU.Build.0 = Debug|Any CPU
		{07BE619B-2E87-4643-853B-1BBAF7DC4810}.Release|Any CPU.ActiveCfg = Release|Any CPU
		{07BE619B-2E87-4643-853B-1BBAF7DC4810}.Release|Any CPU.Build.0 = Release|Any CPU
	EndGlobalSection
	GlobalSection(SolutionProperties) = preSolution
		HideSolutionNode = FALSE
	EndGlobalSection
	GlobalSection(ExtensibilityGlobals) = postSolution
		SolutionGuid = {4DA940F2-94E5-400E-87A6-96531C240E8C}
	EndGlobalSection
EndGlobal
